
Microsoft Visual Studio Solution File, Format Version 12.00
# Visual Studio Version 17
VisualStudioVersion = 17.11.35312.102
MinimumVisualStudioVersion = 10.0.40219.1
Project("{FAE04EC0-301F-11D3-BF4B-00C04F79EFBC}") = "ZapperAssessment", "ZapperAssessment.csproj", "{1E11E12D-0959-4A9F-8537-5E1BAFE91CE3}"
EndProject
Global
	GlobalSection(SolutionConfigurationPlatforms) = preSolution
		Debug|Any CPU = Debug|Any CPU
		Release|Any CPU = Release|Any CPU
	EndGlobalSection
	GlobalSection(ProjectConfigurationPlatforms) = postSolution
		{1E11E12D-0959-4A9F-8537-5E1BAFE91CE3}.Debug|Any CPU.ActiveCfg = Debug|Any CPU
		{1E11E12D-0959-4A9F-8537-5E1BAFE91CE3}.Debug|Any CPU.Build.0 = Debug|Any CPU
		{1E11E12D-0959-4A9F-8537-5E1BAFE91CE3}.Release|Any CPU.ActiveCfg = Release|Any CPU
		{1E11E12D-0959-4A9F-8537-5E1BAFE91CE3}.Release|Any CPU.Build.0 = Release|Any CPU
	EndGlobalSection
	GlobalSection(SolutionProperties) = preSolution
		HideSolutionNode = FALSE
	EndGlobalSection
	GlobalSection(ExtensibilityGlobals) = postSolution
		SolutionGuid = {09AC4C44-88B2-489C-8361-06BA8CCCEE59}
	EndGlobalSection
EndGlobal
